
Microsoft Visual Studio Solution File, Format Version 12.00
# Visual Studio Version 16
VisualStudioVersion = 16.0.30611.23
MinimumVisualStudioVersion = 10.0.40219.1
Project("{2150E333-8FDC-42A3-9474-1A3956D46DE8}") = "Source", "Source", "{27F132A8-A2B7-4EB1-BA63-0F043CE0229E}"
EndProject
Project("{2150E333-8FDC-42A3-9474-1A3956D46DE8}") = "UserService", "UserService", "{BA437BDD-0403-4D78-8030-DAC919521C8D}"
EndProject
Project("{9A19103F-16F7-4668-BE54-9A1E7A4F7556}") = "User.API", "Source\UserService\User.API\User.API.csproj", "{D426F2AC-4154-4323-BC33-221320F81362}"
EndProject
Project("{E53339B2-1760-4266-BCC7-CA923CBCF16C}") = "docker-compose", "docker-compose.dcproj", "{14B5B879-E0C4-4492-BCC5-C1A71999424B}"
EndProject
Project("{2150E333-8FDC-42A3-9474-1A3956D46DE8}") = "AlertService", "AlertService", "{4B3A41F0-B288-4DBD-879D-7DD48B527E52}"
EndProject
Project("{FAE04EC0-301F-11D3-BF4B-00C04F79EFBC}") = "Alerts.API", "Source\AlertService\Alert.API\Alerts.API.csproj", "{5595FFAA-422C-4FB5-8EB8-9F3BD1C0C8FC}"
EndProject
Global
	GlobalSection(SolutionConfigurationPlatforms) = preSolution
		Debug|Any CPU = Debug|Any CPU
		Release|Any CPU = Release|Any CPU
	EndGlobalSection
	GlobalSection(ProjectConfigurationPlatforms) = postSolution
		{D426F2AC-4154-4323-BC33-221320F81362}.Debug|Any CPU.ActiveCfg = Debug|Any CPU
		{D426F2AC-4154-4323-BC33-221320F81362}.Debug|Any CPU.Build.0 = Debug|Any CPU
		{D426F2AC-4154-4323-BC33-221320F81362}.Release|Any CPU.ActiveCfg = Release|Any CPU
		{D426F2AC-4154-4323-BC33-221320F81362}.Release|Any CPU.Build.0 = Release|Any CPU
		{14B5B879-E0C4-4492-BCC5-C1A71999424B}.Debug|Any CPU.ActiveCfg = Debug|Any CPU
		{14B5B879-E0C4-4492-BCC5-C1A71999424B}.Debug|Any CPU.Build.0 = Debug|Any CPU
		{14B5B879-E0C4-4492-BCC5-C1A71999424B}.Release|Any CPU.ActiveCfg = Release|Any CPU
		{14B5B879-E0C4-4492-BCC5-C1A71999424B}.Release|Any CPU.Build.0 = Release|Any CPU
		{5595FFAA-422C-4FB5-8EB8-9F3BD1C0C8FC}.Debug|Any CPU.ActiveCfg = Debug|Any CPU
		{5595FFAA-422C-4FB5-8EB8-9F3BD1C0C8FC}.Debug|Any CPU.Build.0 = Debug|Any CPU
		{5595FFAA-422C-4FB5-8EB8-9F3BD1C0C8FC}.Release|Any CPU.ActiveCfg = Release|Any CPU
		{5595FFAA-422C-4FB5-8EB8-9F3BD1C0C8FC}.Release|Any CPU.Build.0 = Release|Any CPU
	EndGlobalSection
	GlobalSection(SolutionProperties) = preSolution
		HideSolutionNode = FALSE
	EndGlobalSection
	GlobalSection(NestedProjects) = preSolution
		{BA437BDD-0403-4D78-8030-DAC919521C8D} = {27F132A8-A2B7-4EB1-BA63-0F043CE0229E}
		{D426F2AC-4154-4323-BC33-221320F81362} = {BA437BDD-0403-4D78-8030-DAC919521C8D}
		{4B3A41F0-B288-4DBD-879D-7DD48B527E52} = {27F132A8-A2B7-4EB1-BA63-0F043CE0229E}
		{5595FFAA-422C-4FB5-8EB8-9F3BD1C0C8FC} = {4B3A41F0-B288-4DBD-879D-7DD48B527E52}
	EndGlobalSection
	GlobalSection(ExtensibilityGlobals) = postSolution
		SolutionGuid = {97BC79CA-039B-4508-9B3B-09CD2C3BF51F}
	EndGlobalSection
EndGlobal
